// !$*UTF8*$!
{
	archiveVersion = 1;
	classes = {
	};
	objectVersion = 51;
	objects = {

/* Begin PBXBuildFile section */
		B22C2E1A2786DA0F004AC8F5 /* CurrentWeatherCell.xib in Resources */ = {isa = PBXBuildFile; fileRef = B22C2E192786DA0F004AC8F5 /* CurrentWeatherCell.xib */; };
		B22C2E1E2786DEB8004AC8F5 /* CurrentWeatherCell.swift in Sources */ = {isa = PBXBuildFile; fileRef = B22C2E1D2786DEB8004AC8F5 /* CurrentWeatherCell.swift */; };
		B22C2E202786EAB6004AC8F5 /* K.swift in Sources */ = {isa = PBXBuildFile; fileRef = B22C2E1F2786EAB6004AC8F5 /* K.swift */; };
		B242F9392787E1C200CEB7F0 /* DailyWeatherCell.xib in Resources */ = {isa = PBXBuildFile; fileRef = B242F9382787E1C200CEB7F0 /* DailyWeatherCell.xib */; };
		B242F93B2787E1F100CEB7F0 /* DailyWeatherCell.swift in Sources */ = {isa = PBXBuildFile; fileRef = B242F93A2787E1F100CEB7F0 /* DailyWeatherCell.swift */; };
		B242F9452788240600CEB7F0 /* HourlyWeatherCell.xib in Resources */ = {isa = PBXBuildFile; fileRef = B242F9442788240600CEB7F0 /* HourlyWeatherCell.xib */; };
		B242F9472788243F00CEB7F0 /* HourlyWeatherCell.swift in Sources */ = {isa = PBXBuildFile; fileRef = B242F9462788243F00CEB7F0 /* HourlyWeatherCell.swift */; };
		B242F949278824B400CEB7F0 /* HourlyItemCell.xib in Resources */ = {isa = PBXBuildFile; fileRef = B242F948278824B400CEB7F0 /* HourlyItemCell.xib */; };
		B242F94B2788261A00CEB7F0 /* HourlyItemCell.swift in Sources */ = {isa = PBXBuildFile; fileRef = B242F94A2788261A00CEB7F0 /* HourlyItemCell.swift */; };
		B247BCD4278BC8E300829547 /* SearchLocationController.swift in Sources */ = {isa = PBXBuildFile; fileRef = B247BCD3278BC8E300829547 /* SearchLocationController.swift */; };
		B2961371278C34A00091D1DE /* CachedWeatherData.swift in Sources */ = {isa = PBXBuildFile; fileRef = B2961370278C34A00091D1DE /* CachedWeatherData.swift */; };
		B2AF9BE927895098000FC13E /* LocationDataSource.swift in Sources */ = {isa = PBXBuildFile; fileRef = B2AF9BE827895098000FC13E /* LocationDataSource.swift */; };
		B2AF9BEB278950B6000FC13E /* LocationModel.swift in Sources */ = {isa = PBXBuildFile; fileRef = B2AF9BEA278950B6000FC13E /* LocationModel.swift */; };
		B2DBDDF2278C198C009BE285 /* WeatherRepo.swift in Sources */ = {isa = PBXBuildFile; fileRef = B2DBDDF1278C198C009BE285 /* WeatherRepo.swift */; };
		B2FF812B27869997001E6473 /* AppDelegate.swift in Sources */ = {isa = PBXBuildFile; fileRef = B2FF812A27869997001E6473 /* AppDelegate.swift */; };
		B2FF812D27869997001E6473 /* SceneDelegate.swift in Sources */ = {isa = PBXBuildFile; fileRef = B2FF812C27869997001E6473 /* SceneDelegate.swift */; };
		B2FF812F27869997001E6473 /* ViewController.swift in Sources */ = {isa = PBXBuildFile; fileRef = B2FF812E27869997001E6473 /* ViewController.swift */; };
		B2FF813227869997001E6473 /* Main.storyboard in Resources */ = {isa = PBXBuildFile; fileRef = B2FF813027869997001E6473 /* Main.storyboard */; };
		B2FF813427869999001E6473 /* Assets.xcassets in Resources */ = {isa = PBXBuildFile; fileRef = B2FF813327869999001E6473 /* Assets.xcassets */; };
		B2FF813727869999001E6473 /* LaunchScreen.storyboard in Resources */ = {isa = PBXBuildFile; fileRef = B2FF813527869999001E6473 /* LaunchScreen.storyboard */; };
		B2FF81452786ABEF001E6473 /* WeatherInfoCell.swift in Sources */ = {isa = PBXBuildFile; fileRef = B2FF81432786ABEF001E6473 /* WeatherInfoCell.swift */; };
		B2FF81462786ABEF001E6473 /* WeatherInfoCell.xib in Resources */ = {isa = PBXBuildFile; fileRef = B2FF81442786ABEF001E6473 /* WeatherInfoCell.xib */; };
		B2FF81492786CB1F001E6473 /* WeatherModel.swift in Sources */ = {isa = PBXBuildFile; fileRef = B2FF81482786CB1F001E6473 /* WeatherModel.swift */; };
		B2FF814B2786D195001E6473 /* RemoteDataSource.swift in Sources */ = {isa = PBXBuildFile; fileRef = B2FF814A2786D195001E6473 /* RemoteDataSource.swift */; };
		B2FF814D2786D48D001E6473 /* WeatherRemoteDataSource.swift in Sources */ = {isa = PBXBuildFile; fileRef = B2FF814C2786D48D001E6473 /* WeatherRemoteDataSource.swift */; };
		B9457A5D3E26908A406B1CBB /* Pods_Weather.framework in Frameworks */ = {isa = PBXBuildFile; fileRef = 06AA36D77BFC567DF204AC18 /* Pods_Weather.framework */; };
/* End PBXBuildFile section */

/* Begin PBXFileReference section */
		06577C55F5D60E994655CD19 /* Pods-Weather.release.xcconfig */ = {isa = PBXFileReference; includeInIndex = 1; lastKnownFileType = text.xcconfig; name = "Pods-Weather.release.xcconfig"; path = "Target Support Files/Pods-Weather/Pods-Weather.release.xcconfig"; sourceTree = "<group>"; };
		06AA36D77BFC567DF204AC18 /* Pods_Weather.framework */ = {isa = PBXFileReference; explicitFileType = wrapper.framework; includeInIndex = 0; path = Pods_Weather.framework; sourceTree = BUILT_PRODUCTS_DIR; };
		B22C2E192786DA0F004AC8F5 /* CurrentWeatherCell.xib */ = {isa = PBXFileReference; lastKnownFileType = file.xib; path = CurrentWeatherCell.xib; sourceTree = "<group>"; };
		B22C2E1D2786DEB8004AC8F5 /* CurrentWeatherCell.swift */ = {isa = PBXFileReference; lastKnownFileType = sourcecode.swift; path = CurrentWeatherCell.swift; sourceTree = "<group>"; };
		B22C2E1F2786EAB6004AC8F5 /* K.swift */ = {isa = PBXFileReference; lastKnownFileType = sourcecode.swift; path = K.swift; sourceTree = "<group>"; };
		B242F9382787E1C200CEB7F0 /* DailyWeatherCell.xib */ = {isa = PBXFileReference; lastKnownFileType = file.xib; path = DailyWeatherCell.xib; sourceTree = "<group>"; };
		B242F93A2787E1F100CEB7F0 /* DailyWeatherCell.swift */ = {isa = PBXFileReference; lastKnownFileType = sourcecode.swift; path = DailyWeatherCell.swift; sourceTree = "<group>"; };
		B242F9442788240600CEB7F0 /* HourlyWeatherCell.xib */ = {isa = PBXFileReference; lastKnownFileType = file.xib; path = HourlyWeatherCell.xib; sourceTree = "<group>"; };
		B242F9462788243F00CEB7F0 /* HourlyWeatherCell.swift */ = {isa = PBXFileReference; lastKnownFileType = sourcecode.swift; path = HourlyWeatherCell.swift; sourceTree = "<group>"; };
		B242F948278824B400CEB7F0 /* HourlyItemCell.xib */ = {isa = PBXFileReference; lastKnownFileType = file.xib; path = HourlyItemCell.xib; sourceTree = "<group>"; };
		B242F94A2788261A00CEB7F0 /* HourlyItemCell.swift */ = {isa = PBXFileReference; lastKnownFileType = sourcecode.swift; path = HourlyItemCell.swift; sourceTree = "<group>"; };
		B247BCD3278BC8E300829547 /* SearchLocationController.swift */ = {isa = PBXFileReference; lastKnownFileType = sourcecode.swift; path = SearchLocationController.swift; sourceTree = "<group>"; };
		B2961370278C34A00091D1DE /* CachedWeatherData.swift */ = {isa = PBXFileReference; lastKnownFileType = sourcecode.swift; path = CachedWeatherData.swift; sourceTree = "<group>"; };
		B2AF9BE827895098000FC13E /* LocationDataSource.swift */ = {isa = PBXFileReference; lastKnownFileType = sourcecode.swift; path = LocationDataSource.swift; sourceTree = "<group>"; };
		B2AF9BEA278950B6000FC13E /* LocationModel.swift */ = {isa = PBXFileReference; lastKnownFileType = sourcecode.swift; path = LocationModel.swift; sourceTree = "<group>"; };
		B2DBDDF1278C198C009BE285 /* WeatherRepo.swift */ = {isa = PBXFileReference; lastKnownFileType = sourcecode.swift; path = WeatherRepo.swift; sourceTree = "<group>"; };
		B2FF812727869997001E6473 /* Weather.app */ = {isa = PBXFileReference; explicitFileType = wrapper.application; includeInIndex = 0; path = Weather.app; sourceTree = BUILT_PRODUCTS_DIR; };
		B2FF812A27869997001E6473 /* AppDelegate.swift */ = {isa = PBXFileReference; lastKnownFileType = sourcecode.swift; path = AppDelegate.swift; sourceTree = "<group>"; };
		B2FF812C27869997001E6473 /* SceneDelegate.swift */ = {isa = PBXFileReference; lastKnownFileType = sourcecode.swift; path = SceneDelegate.swift; sourceTree = "<group>"; };
		B2FF812E27869997001E6473 /* ViewController.swift */ = {isa = PBXFileReference; lastKnownFileType = sourcecode.swift; path = ViewController.swift; sourceTree = "<group>"; };
		B2FF813127869997001E6473 /* Base */ = {isa = PBXFileReference; lastKnownFileType = file.storyboard; name = Base; path = Base.lproj/Main.storyboard; sourceTree = "<group>"; };
		B2FF813327869999001E6473 /* Assets.xcassets */ = {isa = PBXFileReference; lastKnownFileType = folder.assetcatalog; path = Assets.xcassets; sourceTree = "<group>"; };
		B2FF813627869999001E6473 /* Base */ = {isa = PBXFileReference; lastKnownFileType = file.storyboard; name = Base; path = Base.lproj/LaunchScreen.storyboard; sourceTree = "<group>"; };
		B2FF813827869999001E6473 /* Info.plist */ = {isa = PBXFileReference; lastKnownFileType = text.plist.xml; path = Info.plist; sourceTree = "<group>"; };
		B2FF81432786ABEF001E6473 /* WeatherInfoCell.swift */ = {isa = PBXFileReference; lastKnownFileType = sourcecode.swift; path = WeatherInfoCell.swift; sourceTree = "<group>"; };
		B2FF81442786ABEF001E6473 /* WeatherInfoCell.xib */ = {isa = PBXFileReference; lastKnownFileType = file.xib; path = WeatherInfoCell.xib; sourceTree = "<group>"; };
		B2FF81482786CB1F001E6473 /* WeatherModel.swift */ = {isa = PBXFileReference; lastKnownFileType = sourcecode.swift; path = WeatherModel.swift; sourceTree = "<group>"; };
		B2FF814A2786D195001E6473 /* RemoteDataSource.swift */ = {isa = PBXFileReference; lastKnownFileType = sourcecode.swift; path = RemoteDataSource.swift; sourceTree = "<group>"; };
		B2FF814C2786D48D001E6473 /* WeatherRemoteDataSource.swift */ = {isa = PBXFileReference; lastKnownFileType = sourcecode.swift; path = WeatherRemoteDataSource.swift; sourceTree = "<group>"; };
		D1D2E4E183E3437FC8E2CDF8 /* Pods-Weather.debug.xcconfig */ = {isa = PBXFileReference; includeInIndex = 1; lastKnownFileType = text.xcconfig; name = "Pods-Weather.debug.xcconfig"; path = "Target Support Files/Pods-Weather/Pods-Weather.debug.xcconfig"; sourceTree = "<group>"; };
/* End PBXFileReference section */

/* Begin PBXFrameworksBuildPhase section */
		B2FF812427869997001E6473 /* Frameworks */ = {
			isa = PBXFrameworksBuildPhase;
			buildActionMask = 2147483647;
			files = (
				B9457A5D3E26908A406B1CBB /* Pods_Weather.framework in Frameworks */,
			);
			runOnlyForDeploymentPostprocessing = 0;
		};
/* End PBXFrameworksBuildPhase section */

/* Begin PBXGroup section */
		B242F93C278821E000CEB7F0 /* Cell */ = {
			isa = PBXGroup;
			children = (
				B2FF81432786ABEF001E6473 /* WeatherInfoCell.swift */,
				B22C2E1D2786DEB8004AC8F5 /* CurrentWeatherCell.swift */,
				B242F93A2787E1F100CEB7F0 /* DailyWeatherCell.swift */,
				B242F9462788243F00CEB7F0 /* HourlyWeatherCell.swift */,
				B242F94A2788261A00CEB7F0 /* HourlyItemCell.swift */,
			);
			path = Cell;
			sourceTree = "<group>";
		};
		B242F93D278821F900CEB7F0 /* CellXib */ = {
			isa = PBXGroup;
			children = (
				B2FF81442786ABEF001E6473 /* WeatherInfoCell.xib */,
				B22C2E192786DA0F004AC8F5 /* CurrentWeatherCell.xib */,
				B242F9382787E1C200CEB7F0 /* DailyWeatherCell.xib */,
				B242F9442788240600CEB7F0 /* HourlyWeatherCell.xib */,
				B242F948278824B400CEB7F0 /* HourlyItemCell.xib */,
			);
			path = CellXib;
			sourceTree = "<group>";
		};
		B2DBDDF3278C23A8009BE285 /* Model */ = {
			isa = PBXGroup;
			children = (
				B2AF9BEA278950B6000FC13E /* LocationModel.swift */,
				B2FF81482786CB1F001E6473 /* WeatherModel.swift */,
				B2961370278C34A00091D1DE /* CachedWeatherData.swift */,
			);
			path = Model;
			sourceTree = "<group>";
		};
		B2FF811E27869997001E6473 = {
			isa = PBXGroup;
			children = (
				B2FF812927869997001E6473 /* Weather */,
				B2FF812827869997001E6473 /* Products */,
				F92D189C6AE56B444DA20698 /* Pods */,
				D6ED68A45DA43562E57C6984 /* Frameworks */,
			);
			sourceTree = "<group>";
		};
		B2FF812827869997001E6473 /* Products */ = {
			isa = PBXGroup;
			children = (
				B2FF812727869997001E6473 /* Weather.app */,
			);
			name = Products;
			sourceTree = "<group>";
		};
		B2FF812927869997001E6473 /* Weather */ = {
			isa = PBXGroup;
			children = (
				B2FF814E2786D690001E6473 /* Controller */,
				B2FF81472786CB02001E6473 /* Data */,
				B2FF813E2786A489001E6473 /* View */,
				B22C2E1F2786EAB6004AC8F5 /* K.swift */,
				B2FF812A27869997001E6473 /* AppDelegate.swift */,
				B2FF812C27869997001E6473 /* SceneDelegate.swift */,
				B2FF813327869999001E6473 /* Assets.xcassets */,
				B2FF813527869999001E6473 /* LaunchScreen.storyboard */,
				B2FF813827869999001E6473 /* Info.plist */,
			);
			path = Weather;
			sourceTree = "<group>";
		};
		B2FF813E2786A489001E6473 /* View */ = {
			isa = PBXGroup;
			children = (
				B242F93D278821F900CEB7F0 /* CellXib */,
				B242F93C278821E000CEB7F0 /* Cell */,
				B2FF813027869997001E6473 /* Main.storyboard */,
			);
			path = View;
			sourceTree = "<group>";
		};
		B2FF81472786CB02001E6473 /* Data */ = {
			isa = PBXGroup;
			children = (
				B2DBDDF3278C23A8009BE285 /* Model */,
				B2FF814A2786D195001E6473 /* RemoteDataSource.swift */,
				B2FF814C2786D48D001E6473 /* WeatherRemoteDataSource.swift */,
				B2AF9BE827895098000FC13E /* LocationDataSource.swift */,
				B2DBDDF1278C198C009BE285 /* WeatherRepo.swift */,
			);
			path = Data;
			sourceTree = "<group>";
		};
		B2FF814E2786D690001E6473 /* Controller */ = {
			isa = PBXGroup;
			children = (
				B2FF812E27869997001E6473 /* ViewController.swift */,
				B247BCD3278BC8E300829547 /* SearchLocationController.swift */,
			);
			path = Controller;
			sourceTree = "<group>";
		};
		D6ED68A45DA43562E57C6984 /* Frameworks */ = {
			isa = PBXGroup;
			children = (
				06AA36D77BFC567DF204AC18 /* Pods_Weather.framework */,
			);
			name = Frameworks;
			sourceTree = "<group>";
		};
		F92D189C6AE56B444DA20698 /* Pods */ = {
			isa = PBXGroup;
			children = (
				D1D2E4E183E3437FC8E2CDF8 /* Pods-Weather.debug.xcconfig */,
				06577C55F5D60E994655CD19 /* Pods-Weather.release.xcconfig */,
			);
			path = Pods;
			sourceTree = "<group>";
		};
/* End PBXGroup section */

/* Begin PBXNativeTarget section */
		B2FF812627869997001E6473 /* Weather */ = {
			isa = PBXNativeTarget;
			buildConfigurationList = B2FF813B27869999001E6473 /* Build configuration list for PBXNativeTarget "Weather" */;
			buildPhases = (
				57017D492CF874DB5614D40B /* [CP] Check Pods Manifest.lock */,
				B2FF812327869997001E6473 /* Sources */,
				B2FF812427869997001E6473 /* Frameworks */,
				B2FF812527869997001E6473 /* Resources */,
				CC7CC9A83B62D988A3010898 /* [CP] Embed Pods Frameworks */,
			);
			buildRules = (
			);
			dependencies = (
			);
			name = Weather;
			productName = Weather;
			productReference = B2FF812727869997001E6473 /* Weather.app */;
			productType = "com.apple.product-type.application";
		};
/* End PBXNativeTarget section */

/* Begin PBXProject section */
		B2FF811F27869997001E6473 /* Project object */ = {
			isa = PBXProject;
			attributes = {
				LastSwiftUpdateCheck = 1120;
				LastUpgradeCheck = 1120;
				ORGANIZATIONNAME = "nguyen huy";
				TargetAttributes = {
					B2FF812627869997001E6473 = {
						CreatedOnToolsVersion = 11.2;
					};
				};
			};
			buildConfigurationList = B2FF812227869997001E6473 /* Build configuration list for PBXProject "Weather" */;
			compatibilityVersion = "Xcode 9.3";
			developmentRegion = en;
			hasScannedForEncodings = 0;
			knownRegions = (
				en,
				Base,
			);
			mainGroup = B2FF811E27869997001E6473;
			productRefGroup = B2FF812827869997001E6473 /* Products */;
			projectDirPath = "";
			projectRoot = "";
			targets = (
				B2FF812627869997001E6473 /* Weather */,
			);
		};
/* End PBXProject section */

/* Begin PBXResourcesBuildPhase section */
		B2FF812527869997001E6473 /* Resources */ = {
			isa = PBXResourcesBuildPhase;
			buildActionMask = 2147483647;
			files = (
				B2FF81462786ABEF001E6473 /* WeatherInfoCell.xib in Resources */,
				B2FF813727869999001E6473 /* LaunchScreen.storyboard in Resources */,
				B242F9452788240600CEB7F0 /* HourlyWeatherCell.xib in Resources */,
				B242F9392787E1C200CEB7F0 /* DailyWeatherCell.xib in Resources */,
				B22C2E1A2786DA0F004AC8F5 /* CurrentWeatherCell.xib in Resources */,
				B242F949278824B400CEB7F0 /* HourlyItemCell.xib in Resources */,
				B2FF813427869999001E6473 /* Assets.xcassets in Resources */,
				B2FF813227869997001E6473 /* Main.storyboard in Resources */,
			);
			runOnlyForDeploymentPostprocessing = 0;
		};
/* End PBXResourcesBuildPhase section */

/* Begin PBXShellScriptBuildPhase section */
		57017D492CF874DB5614D40B /* [CP] Check Pods Manifest.lock */ = {
			isa = PBXShellScriptBuildPhase;
			buildActionMask = 2147483647;
			files = (
			);
			inputFileListPaths = (
			);
			inputPaths = (
				"${PODS_PODFILE_DIR_PATH}/Podfile.lock",
				"${PODS_ROOT}/Manifest.lock",
			);
			name = "[CP] Check Pods Manifest.lock";
			outputFileListPaths = (
			);
			outputPaths = (
				"$(DERIVED_FILE_DIR)/Pods-Weather-checkManifestLockResult.txt",
			);
			runOnlyForDeploymentPostprocessing = 0;
			shellPath = /bin/sh;
			shellScript = "diff \"${PODS_PODFILE_DIR_PATH}/Podfile.lock\" \"${PODS_ROOT}/Manifest.lock\" > /dev/null\nif [ $? != 0 ] ; then\n    # print error to STDERR\n    echo \"error: The sandbox is not in sync with the Podfile.lock. Run 'pod install' or update your CocoaPods installation.\" >&2\n    exit 1\nfi\n# This output is used by Xcode 'outputs' to avoid re-running this script phase.\necho \"SUCCESS\" > \"${SCRIPT_OUTPUT_FILE_0}\"\n";
			showEnvVarsInLog = 0;
		};
		CC7CC9A83B62D988A3010898 /* [CP] Embed Pods Frameworks */ = {
			isa = PBXShellScriptBuildPhase;
			buildActionMask = 2147483647;
			files = (
			);
			inputFileListPaths = (
				"${PODS_ROOT}/Target Support Files/Pods-Weather/Pods-Weather-frameworks-${CONFIGURATION}-input-files.xcfilelist",
			);
			name = "[CP] Embed Pods Frameworks";
			outputFileListPaths = (
				"${PODS_ROOT}/Target Support Files/Pods-Weather/Pods-Weather-frameworks-${CONFIGURATION}-output-files.xcfilelist",
			);
			runOnlyForDeploymentPostprocessing = 0;
			shellPath = /bin/sh;
			shellScript = "\"${PODS_ROOT}/Target Support Files/Pods-Weather/Pods-Weather-frameworks.sh\"\n";
			showEnvVarsInLog = 0;
		};
/* End PBXShellScriptBuildPhase section */

/* Begin PBXSourcesBuildPhase section */
		B2FF812327869997001E6473 /* Sources */ = {
			isa = PBXSourcesBuildPhase;
			buildActionMask = 2147483647;
			files = (
				B22C2E202786EAB6004AC8F5 /* K.swift in Sources */,
				B242F9472788243F00CEB7F0 /* HourlyWeatherCell.swift in Sources */,
				B2DBDDF2278C198C009BE285 /* WeatherRepo.swift in Sources */,
				B2FF814D2786D48D001E6473 /* WeatherRemoteDataSource.swift in Sources */,
				B2FF81452786ABEF001E6473 /* WeatherInfoCell.swift in Sources */,
				B2FF812F27869997001E6473 /* ViewController.swift in Sources */,
				B242F94B2788261A00CEB7F0 /* HourlyItemCell.swift in Sources */,
				B242F93B2787E1F100CEB7F0 /* DailyWeatherCell.swift in Sources */,
				B2FF812B27869997001E6473 /* AppDelegate.swift in Sources */,
				B2FF812D27869997001E6473 /* SceneDelegate.swift in Sources */,
				B2FF814B2786D195001E6473 /* RemoteDataSource.swift in Sources */,
				B2AF9BE927895098000FC13E /* LocationDataSource.swift in Sources */,
				B247BCD4278BC8E300829547 /* SearchLocationController.swift in Sources */,
				B22C2E1E2786DEB8004AC8F5 /* CurrentWeatherCell.swift in Sources */,
				B2AF9BEB278950B6000FC13E /* LocationModel.swift in Sources */,
				B2961371278C34A00091D1DE /* CachedWeatherData.swift in Sources */,
				B2FF81492786CB1F001E6473 /* WeatherModel.swift in Sources */,
			);
			runOnlyForDeploymentPostprocessing = 0;
		};
/* End PBXSourcesBuildPhase section */

/* Begin PBXVariantGroup section */
		B2FF813027869997001E6473 /* Main.storyboard */ = {
			isa = PBXVariantGroup;
			children = (
				B2FF813127869997001E6473 /* Base */,
			);
			name = Main.storyboard;
			sourceTree = "<group>";
		};
		B2FF813527869999001E6473 /* LaunchScreen.storyboard */ = {
			isa = PBXVariantGroup;
			children = (
				B2FF813627869999001E6473 /* Base */,
			);
			name = LaunchScreen.storyboard;
			sourceTree = "<group>";
		};
/* End PBXVariantGroup section */

/* Begin XCBuildConfiguration section */
		B2FF813927869999001E6473 /* Debug */ = {
			isa = XCBuildConfiguration;
			buildSettings = {
				ALWAYS_SEARCH_USER_PATHS = NO;
				CLANG_ANALYZER_NONNULL = YES;
				CLANG_ANALYZER_NUMBER_OBJECT_CONVERSION = YES_AGGRESSIVE;
				CLANG_CXX_LANGUAGE_STANDARD = "gnu++14";
				CLANG_CXX_LIBRARY = "libc++";
				CLANG_ENABLE_MODULES = YES;
				CLANG_ENABLE_OBJC_ARC = YES;
				CLANG_ENABLE_OBJC_WEAK = YES;
				CLANG_WARN_BLOCK_CAPTURE_AUTORELEASING = YES;
				CLANG_WARN_BOOL_CONVERSION = YES;
				CLANG_WARN_COMMA = YES;
				CLANG_WARN_CONSTANT_CONVERSION = YES;
				CLANG_WARN_DEPRECATED_OBJC_IMPLEMENTATIONS = YES;
				CLANG_WARN_DIRECT_OBJC_ISA_USAGE = YES_ERROR;
				CLANG_WARN_DOCUMENTATION_COMMENTS = YES;
				CLANG_WARN_EMPTY_BODY = YES;
				CLANG_WARN_ENUM_CONVERSION = YES;
				CLANG_WARN_INFINITE_RECURSION = YES;
				CLANG_WARN_INT_CONVERSION = YES;
				CLANG_WARN_NON_LITERAL_NULL_CONVERSION = YES;
				CLANG_WARN_OBJC_IMPLICIT_RETAIN_SELF = YES;
				CLANG_WARN_OBJC_LITERAL_CONVERSION = YES;
				CLANG_WARN_OBJC_ROOT_CLASS = YES_ERROR;
				CLANG_WARN_RANGE_LOOP_ANALYSIS = YES;
				CLANG_WARN_STRICT_PROTOTYPES = YES;
				CLANG_WARN_SUSPICIOUS_MOVE = YES;
				CLANG_WARN_UNGUARDED_AVAILABILITY = YES_AGGRESSIVE;
				CLANG_WARN_UNREACHABLE_CODE = YES;
				CLANG_WARN__DUPLICATE_METHOD_MATCH = YES;
				COPY_PHASE_STRIP = NO;
				DEBUG_INFORMATION_FORMAT = dwarf;
				ENABLE_STRICT_OBJC_MSGSEND = YES;
				ENABLE_TESTABILITY = YES;
				GCC_C_LANGUAGE_STANDARD = gnu11;
				GCC_DYNAMIC_NO_PIC = NO;
				GCC_NO_COMMON_BLOCKS = YES;
				GCC_OPTIMIZATION_LEVEL = 0;
				GCC_PREPROCESSOR_DEFINITIONS = (
					"DEBUG=1",
					"$(inherited)",
				);
				GCC_WARN_64_TO_32_BIT_CONVERSION = YES;
				GCC_WARN_ABOUT_RETURN_TYPE = YES_ERROR;
				GCC_WARN_UNDECLARED_SELECTOR = YES;
				GCC_WARN_UNINITIALIZED_AUTOS = YES_AGGRESSIVE;
				GCC_WARN_UNUSED_FUNCTION = YES;
				GCC_WARN_UNUSED_VARIABLE = YES;
				IPHONEOS_DEPLOYMENT_TARGET = 13.0;
				MTL_ENABLE_DEBUG_INFO = INCLUDE_SOURCE;
				MTL_FAST_MATH = YES;
				ONLY_ACTIVE_ARCH = YES;
				SDKROOT = iphoneos;
				SWIFT_ACTIVE_COMPILATION_CONDITIONS = DEBUG;
				SWIFT_OPTIMIZATION_LEVEL = "-Onone";
			};
			name = Debug;
		};
		B2FF813A27869999001E6473 /* Release */ = {
			isa = XCBuildConfiguration;
			buildSettings = {
				ALWAYS_SEARCH_USER_PATHS = NO;
				CLANG_ANALYZER_NONNULL = YES;
				CLANG_ANALYZER_NUMBER_OBJECT_CONVERSION = YES_AGGRESSIVE;
				CLANG_CXX_LANGUAGE_STANDARD = "gnu++14";
				CLANG_CXX_LIBRARY = "libc++";
				CLANG_ENABLE_MODULES = YES;
				CLANG_ENABLE_OBJC_ARC = YES;
				CLANG_ENABLE_OBJC_WEAK = YES;
				CLANG_WARN_BLOCK_CAPTURE_AUTORELEASING = YES;
				CLANG_WARN_BOOL_CONVERSION = YES;
				CLANG_WARN_COMMA = YES;
				CLANG_WARN_CONSTANT_CONVERSION = YES;
				CLANG_WARN_DEPRECATED_OBJC_IMPLEMENTATIONS = YES;
				CLANG_WARN_DIRECT_OBJC_ISA_USAGE = YES_ERROR;
				CLANG_WARN_DOCUMENTATION_COMMENTS = YES;
				CLANG_WARN_EMPTY_BODY = YES;
				CLANG_WARN_ENUM_CONVERSION = YES;
				CLANG_WARN_INFINITE_RECURSION = YES;
				CLANG_WARN_INT_CONVERSION = YES;
				CLANG_WARN_NON_LITERAL_NULL_CONVERSION = YES;
				CLANG_WARN_OBJC_IMPLICIT_RETAIN_SELF = YES;
				CLANG_WARN_OBJC_LITERAL_CONVERSION = YES;
				CLANG_WARN_OBJC_ROOT_CLASS = YES_ERROR;
				CLANG_WARN_RANGE_LOOP_ANALYSIS = YES;
				CLANG_WARN_STRICT_PROTOTYPES = YES;
				CLANG_WARN_SUSPICIOUS_MOVE = YES;
				CLANG_WARN_UNGUARDED_AVAILABILITY = YES_AGGRESSIVE;
				CLANG_WARN_UNREACHABLE_CODE = YES;
				CLANG_WARN__DUPLICATE_METHOD_MATCH = YES;
				COPY_PHASE_STRIP = NO;
				DEBUG_INFORMATION_FORMAT = "dwarf-with-dsym";
				ENABLE_NS_ASSERTIONS = NO;
				ENABLE_STRICT_OBJC_MSGSEND = YES;
				GCC_C_LANGUAGE_STANDARD = gnu11;
				GCC_NO_COMMON_BLOCKS = YES;
				GCC_WARN_64_TO_32_BIT_CONVERSION = YES;
				GCC_WARN_ABOUT_RETURN_TYPE = YES_ERROR;
				GCC_WARN_UNDECLARED_SELECTOR = YES;
				GCC_WARN_UNINITIALIZED_AUTOS = YES_AGGRESSIVE;
				GCC_WARN_UNUSED_FUNCTION = YES;
				GCC_WARN_UNUSED_VARIABLE = YES;
				IPHONEOS_DEPLOYMENT_TARGET = 13.0;
				MTL_ENABLE_DEBUG_INFO = NO;
				MTL_FAST_MATH = YES;
				SDKROOT = iphoneos;
				SWIFT_COMPILATION_MODE = wholemodule;
				SWIFT_OPTIMIZATION_LEVEL = "-O";
				VALIDATE_PRODUCT = YES;
			};
			name = Release;
		};
		B2FF813C27869999001E6473 /* Debug */ = {
			isa = XCBuildConfiguration;
			baseConfigurationReference = D1D2E4E183E3437FC8E2CDF8 /* Pods-Weather.debug.xcconfig */;
			buildSettings = {
				ASSETCATALOG_COMPILER_APPICON_NAME = AppIcon;
				CODE_SIGN_STYLE = Automatic;
				INFOPLIST_FILE = Weather/Info.plist;
				LD_RUNPATH_SEARCH_PATHS = (
					"$(inherited)",
					"@executable_path/Frameworks",
				);
				PRODUCT_BUNDLE_IDENTIFIER = com.sonnt.Weather;
				PRODUCT_NAME = "$(TARGET_NAME)";
				SWIFT_VERSION = 5.0;
				TARGETED_DEVICE_FAMILY = "1,2";
			};
			name = Debug;
		};
		B2FF813D27869999001E6473 /* Release */ = {
			isa = XCBuildConfiguration;
			baseConfigurationReference = 06577C55F5D60E994655CD19 /* Pods-Weather.release.xcconfig */;
			buildSettings = {
				ASSETCATALOG_COMPILER_APPICON_NAME = AppIcon;
				CODE_SIGN_STYLE = Automatic;
				INFOPLIST_FILE = Weather/Info.plist;
				LD_RUNPATH_SEARCH_PATHS = (
					"$(inherited)",
					"@executable_path/Frameworks",
				);
				PRODUCT_BUNDLE_IDENTIFIER = com.sonnt.Weather;
				PRODUCT_NAME = "$(TARGET_NAME)";
				SWIFT_VERSION = 5.0;
				TARGETED_DEVICE_FAMILY = "1,2";
			};
			name = Release;
		};
/* End XCBuildConfiguration section */

/* Begin XCConfigurationList section */
		B2FF812227869997001E6473 /* Build configuration list for PBXProject "Weather" */ = {
			isa = XCConfigurationList;
			buildConfigurations = (
				B2FF813927869999001E6473 /* Debug */,
				B2FF813A27869999001E6473 /* Release */,
			);
			defaultConfigurationIsVisible = 0;
			defaultConfigurationName = Release;
		};
		B2FF813B27869999001E6473 /* Build configuration list for PBXNativeTarget "Weather" */ = {
			isa = XCConfigurationList;
			buildConfigurations = (
				B2FF813C27869999001E6473 /* Debug */,
				B2FF813D27869999001E6473 /* Release */,
			);
			defaultConfigurationIsVisible = 0;
			defaultConfigurationName = Release;
		};
/* End XCConfigurationList section */
	};
	rootObject = B2FF811F27869997001E6473 /* Project object */;
}
